
Microsoft Visual Studio Solution File, Format Version 12.00
# Visual Studio Version 16
VisualStudioVersion = 16.0.30804.86
MinimumVisualStudioVersion = 10.0.40219.1
Project("{FAE04EC0-301F-11D3-BF4B-00C04F79EFBC}") = "L6Task1", "L6Task1\L6Task1.csproj", "{63C6C4EE-532D-486F-AEE7-54FCB04BFF8C}"
EndProject
Project("{FAE04EC0-301F-11D3-BF4B-00C04F79EFBC}") = "L6Task2", "L6Task2\L6Task2.csproj", "{C1F93286-0482-4050-A174-AFD427D88D37}"
EndProject
Project("{FAE04EC0-301F-11D3-BF4B-00C04F79EFBC}") = "L6Task3", "L6Task3\L6Task3.csproj", "{EEEAE2F7-499C-46D5-8832-4BDE90B2AE99}"
EndProject
Global
	GlobalSection(SolutionConfigurationPlatforms) = preSolution
		Debug|Any CPU = Debug|Any CPU
		Release|Any CPU = Release|Any CPU
	EndGlobalSection
	GlobalSection(ProjectConfigurationPlatforms) = postSolution
		{63C6C4EE-532D-486F-AEE7-54FCB04BFF8C}.Debug|Any CPU.ActiveCfg = Debug|Any CPU
		{63C6C4EE-532D-486F-AEE7-54FCB04BFF8C}.Debug|Any CPU.Build.0 = Debug|Any CPU
		{63C6C4EE-532D-486F-AEE7-54FCB04BFF8C}.Release|Any CPU.ActiveCfg = Release|Any CPU
		{63C6C4EE-532D-486F-AEE7-54FCB04BFF8C}.Release|Any CPU.Build.0 = Release|Any CPU
		{C1F93286-0482-4050-A174-AFD427D88D37}.Debug|Any CPU.ActiveCfg = Debug|Any CPU
		{C1F93286-0482-4050-A174-AFD427D88D37}.Debug|Any CPU.Build.0 = Debug|Any CPU
		{C1F93286-0482-4050-A174-AFD427D88D37}.Release|Any CPU.ActiveCfg = Release|Any CPU
		{C1F93286-0482-4050-A174-AFD427D88D37}.Release|Any CPU.Build.0 = Release|Any CPU
		{EEEAE2F7-499C-46D5-8832-4BDE90B2AE99}.Debug|Any CPU.ActiveCfg = Debug|Any CPU
		{EEEAE2F7-499C-46D5-8832-4BDE90B2AE99}.Debug|Any CPU.Build.0 = Debug|Any CPU
		{EEEAE2F7-499C-46D5-8832-4BDE90B2AE99}.Release|Any CPU.ActiveCfg = Release|Any CPU
		{EEEAE2F7-499C-46D5-8832-4BDE90B2AE99}.Release|Any CPU.Build.0 = Release|Any CPU
	EndGlobalSection
	GlobalSection(SolutionProperties) = preSolution
		HideSolutionNode = FALSE
	EndGlobalSection
	GlobalSection(ExtensibilityGlobals) = postSolution
		SolutionGuid = {E54B2287-F3B0-46AB-8BBC-D33612321596}
	EndGlobalSection
EndGlobal
